
Microsoft Visual Studio Solution File, Format Version 12.00
# Visual Studio 15
VisualStudioVersion = 15.0.26124.0
MinimumVisualStudioVersion = 15.0.26124.0
Project("{FAE04EC0-301F-11D3-BF4B-00C04F79EFBC}") = "ParallelTest", "ParallelTest\ParallelTest.csproj", "{37395751-A1A5-4D3B-AD41-8A5298477945}"
EndProject
Project("{FAE04EC0-301F-11D3-BF4B-00C04F79EFBC}") = "ParallelTest.UnitTests", "ParallelTest.UnitTests\ParallelTest.UnitTests.csproj", "{7A2E88DF-C212-4C85-B629-83A5EA9A0C99}"
EndProject
Global
	GlobalSection(SolutionConfigurationPlatforms) = preSolution
		Debug|Any CPU = Debug|Any CPU
		Debug|x64 = Debug|x64
		Debug|x86 = Debug|x86
		Release|Any CPU = Release|Any CPU
		Release|x64 = Release|x64
		Release|x86 = Release|x86
	EndGlobalSection
	GlobalSection(SolutionProperties) = preSolution
		HideSolutionNode = FALSE
	EndGlobalSection
	GlobalSection(ProjectConfigurationPlatforms) = postSolution
		{37395751-A1A5-4D3B-AD41-8A5298477945}.Debug|Any CPU.ActiveCfg = Debug|Any CPU
		{37395751-A1A5-4D3B-AD41-8A5298477945}.Debug|Any CPU.Build.0 = Debug|Any CPU
		{37395751-A1A5-4D3B-AD41-8A5298477945}.Debug|x64.ActiveCfg = Debug|x64
		{37395751-A1A5-4D3B-AD41-8A5298477945}.Debug|x64.Build.0 = Debug|x64
		{37395751-A1A5-4D3B-AD41-8A5298477945}.Debug|x86.ActiveCfg = Debug|x86
		{37395751-A1A5-4D3B-AD41-8A5298477945}.Debug|x86.Build.0 = Debug|x86
		{37395751-A1A5-4D3B-AD41-8A5298477945}.Release|Any CPU.ActiveCfg = Release|Any CPU
		{37395751-A1A5-4D3B-AD41-8A5298477945}.Release|Any CPU.Build.0 = Release|Any CPU
		{37395751-A1A5-4D3B-AD41-8A5298477945}.Release|x64.ActiveCfg = Release|x64
		{37395751-A1A5-4D3B-AD41-8A5298477945}.Release|x64.Build.0 = Release|x64
		{37395751-A1A5-4D3B-AD41-8A5298477945}.Release|x86.ActiveCfg = Release|x86
		{37395751-A1A5-4D3B-AD41-8A5298477945}.Release|x86.Build.0 = Release|x86
		{7A2E88DF-C212-4C85-B629-83A5EA9A0C99}.Debug|Any CPU.ActiveCfg = Debug|Any CPU
		{7A2E88DF-C212-4C85-B629-83A5EA9A0C99}.Debug|Any CPU.Build.0 = Debug|Any CPU
		{7A2E88DF-C212-4C85-B629-83A5EA9A0C99}.Debug|x64.ActiveCfg = Debug|x64
		{7A2E88DF-C212-4C85-B629-83A5EA9A0C99}.Debug|x64.Build.0 = Debug|x64
		{7A2E88DF-C212-4C85-B629-83A5EA9A0C99}.Debug|x86.ActiveCfg = Debug|x86
		{7A2E88DF-C212-4C85-B629-83A5EA9A0C99}.Debug|x86.Build.0 = Debug|x86
		{7A2E88DF-C212-4C85-B629-83A5EA9A0C99}.Release|Any CPU.ActiveCfg = Release|Any CPU
		{7A2E88DF-C212-4C85-B629-83A5EA9A0C99}.Release|Any CPU.Build.0 = Release|Any CPU
		{7A2E88DF-C212-4C85-B629-83A5EA9A0C99}.Release|x64.ActiveCfg = Release|x64
		{7A2E88DF-C212-4C85-B629-83A5EA9A0C99}.Release|x64.Build.0 = Release|x64
		{7A2E88DF-C212-4C85-B629-83A5EA9A0C99}.Release|x86.ActiveCfg = Release|x86
		{7A2E88DF-C212-4C85-B629-83A5EA9A0C99}.Release|x86.Build.0 = Release|x86
	EndGlobalSection
EndGlobal
